
Microsoft Visual Studio Solution File, Format Version 12.00
# Visual Studio Version 16
VisualStudioVersion = 16.0.30907.101
MinimumVisualStudioVersion = 10.0.40219.1
Project("{9A19103F-16F7-4668-BE54-9A1E7A4F7556}") = "SourceGeneratorExamples.Attributes", "SourceGeneratorExamples.Attributes\SourceGeneratorExamples.Attributes.csproj", "{62280F72-640D-4035-B8FF-0CE0AC0B07BC}"
EndProject
Project("{9A19103F-16F7-4668-BE54-9A1E7A4F7556}") = "SourceGeneratorExamples.Library", "SourceGeneratorExamples.Library\SourceGeneratorExamples.Library.csproj", "{E12BC343-EE37-40E2-A47A-AF9E6919E2CC}"
EndProject
Project("{9A19103F-16F7-4668-BE54-9A1E7A4F7556}") = "SourceGeneratorExamples.ConsoleApp", "SourceGeneratorExamples.ConsoleApp\SourceGeneratorExamples.ConsoleApp.csproj", "{EDC34C15-61F8-4F7D-B9D6-AF74920EB58D}"
EndProject
Project("{2150E333-8FDC-42A3-9474-1A3956D46DE8}") = "Solution Items", "Solution Items", "{FAD2EB6F-F0FA-4A61-9908-86DBB2CBB167}"
	ProjectSection(SolutionItems) = preProject
		.editorconfig = .editorconfig
	EndProjectSection
EndProject
Global
	GlobalSection(SolutionConfigurationPlatforms) = preSolution
		Debug|Any CPU = Debug|Any CPU
		Release|Any CPU = Release|Any CPU
	EndGlobalSection
	GlobalSection(ProjectConfigurationPlatforms) = postSolution
		{E12BC343-EE37-40E2-A47A-AF9E6919E2CC}.Debug|Any CPU.ActiveCfg = Debug|Any CPU
		{E12BC343-EE37-40E2-A47A-AF9E6919E2CC}.Debug|Any CPU.Build.0 = Debug|Any CPU
		{E12BC343-EE37-40E2-A47A-AF9E6919E2CC}.Release|Any CPU.ActiveCfg = Release|Any CPU
		{E12BC343-EE37-40E2-A47A-AF9E6919E2CC}.Release|Any CPU.Build.0 = Release|Any CPU
		{EDC34C15-61F8-4F7D-B9D6-AF74920EB58D}.Debug|Any CPU.ActiveCfg = Debug|Any CPU
		{EDC34C15-61F8-4F7D-B9D6-AF74920EB58D}.Debug|Any CPU.Build.0 = Debug|Any CPU
		{EDC34C15-61F8-4F7D-B9D6-AF74920EB58D}.Release|Any CPU.ActiveCfg = Release|Any CPU
		{EDC34C15-61F8-4F7D-B9D6-AF74920EB58D}.Release|Any CPU.Build.0 = Release|Any CPU
		{62280F72-640D-4035-B8FF-0CE0AC0B07BC}.Debug|Any CPU.ActiveCfg = Debug|Any CPU
		{62280F72-640D-4035-B8FF-0CE0AC0B07BC}.Debug|Any CPU.Build.0 = Debug|Any CPU
		{62280F72-640D-4035-B8FF-0CE0AC0B07BC}.Release|Any CPU.ActiveCfg = Release|Any CPU
		{62280F72-640D-4035-B8FF-0CE0AC0B07BC}.Release|Any CPU.Build.0 = Release|Any CPU
	EndGlobalSection
	GlobalSection(SolutionProperties) = preSolution
		HideSolutionNode = FALSE
	EndGlobalSection
	GlobalSection(ExtensibilityGlobals) = postSolution
		SolutionGuid = {E65FFA2B-1754-4630-87F6-CDEE40630252}
	EndGlobalSection
EndGlobal
